dependencies:
- name: postgresql
  repository: https://charts.bitnami.com/bitnami
  version: 18.5.24
- name: agent-brain
  repository: oci://ghcr.io/realnighthawk
  version: 0.1.5
- name: mcp-hub
  repository: oci://ghcr.io/realnighthawk/infra/charts
  version: 0.1.1
digest: sha256:986d25097c3ba62e58e81bbbd32c52da1c09dfbfbe77afd264e7a6fded090acc
generated: "2026-09-13T23:15:27.145688-07:00"
