dependencies:
- name: postgresql
  repository: https://charts.bitnami.com/bitnami
  version: 18.5.24
- name: agent-brain
  repository: oci://ghcr.io/realnighthawk
  version: 0.1.5
- name: mcp-hub
  repository: oci://ghcr.io/realnighthawk/infra/charts
  version: 0.2.0
- name: minio
  repository: https://charts.min.io/
  version: 5.4.0
digest: sha256:27c0659f9e7d323f3ebf64e02f86ec389368ec7823c72e80cd8b9ece2addd846
generated: "2026-10-08T14:19:23.084911-07:00"
