dependencies:
- name: postgresql
  repository: https://charts.bitnami.com/bitnami
  version: 18.5.24
- name: agent-brain
  repository: oci://ghcr.io/realnighthawk
  version: 0.1.4
- name: mcp-hub
  repository: oci://ghcr.io/realnighthawk/infra/charts
  version: 0.1.1
digest: sha256:ed53805eb4fb5b2eb587ca66280fe4962469f47e535f98487e528baf1673d627
generated: "2026-09-05T23:22:33.147622-07:00"
